// !$*UTF8*$!
{
	archiveVersion = 1;
	classes = {
	};
	objectVersion = 50;
	objects = {

/* Begin PBXBuildFile section */
		3DF924BB2303610A00D6D8E7 /* AppDelegate.swift in Sources */ = {isa = PBXBuildFile; fileRef = 3DF924BA2303610A00D6D8E7 /* AppDelegate.swift */; };
		3DF924BD2303610A00D6D8E7 /* ViewController.swift in Sources */ = {isa = PBXBuildFile; fileRef = 3DF924BC2303610A00D6D8E7 /* ViewController.swift */; };
		3DF924C02303610A00D6D8E7 /* Main.storyboard in Resources */ = {isa = PBXBuildFile; fileRef = 3DF924BE2303610A00D6D8E7 /* Main.storyboard */; };
		3DF924C22303611700D6D8E7 /* Assets.xcassets in Resources */ = {isa = PBXBuildFile; fileRef = 3DF924C12303611700D6D8E7 /* Assets.xcassets */; };
		3DF924C52303611700D6D8E7 /* LaunchScreen.storyboard in Resources */ = {isa = PBXBuildFile; fileRef = 3DF924C32303611700D6D8E7 /* LaunchScreen.storyboard */; };
		3DF924D02303611700D6D8E7 /* IOS_LoginTests.swift in Sources */ = {isa = PBXBuildFile; fileRef = 3DF924CF2303611700D6D8E7 /* IOS_LoginTests.swift */; };
		3DF924DB2303611700D6D8E7 /* IOS_LoginUITests.swift in Sources */ = {isa = PBXBuildFile; fileRef = 3DF924DA2303611700D6D8E7 /* IOS_LoginUITests.swift */; };
/* End PBXBuildFile section */

/* Begin PBXContainerItemProxy section */
		3DF924CC2303611700D6D8E7 /* PBXContainerItemProxy */ = {
			isa = PBXContainerItemProxy;
			containerPortal = 3DF924AF2303610A00D6D8E7 /* Project object */;
			proxyType = 1;
			remoteGlobalIDString = 3DF924B62303610A00D6D8E7;
			remoteInfo = IOS_Login;
		};
		3DF924D72303611700D6D8E7 /* PBXContainerItemProxy */ = {
			isa = PBXContainerItemProxy;
			containerPortal = 3DF924AF2303610A00D6D8E7 /* Project object */;
			proxyType = 1;
			remoteGlobalIDString = 3DF924B62303610A00D6D8E7;
			remoteInfo = IOS_Login;
		};
/* End PBXContainerItemProxy section */

/* Begin PBXFileReference section */
		3DF924B72303610A00D6D8E7 /* IOS_Login.app */ = {isa = PBXFileReference; explicitFileType = wrapper.application; includeInIndex = 0; path = IOS_Login.app; sourceTree = BUILT_PRODUCTS_DIR; };
		3DF924BA2303610A00D6D8E7 /* AppDelegate.swift */ = {isa = PBXFileReference; lastKnownFileType = sourcecode.swift; path = AppDelegate.swift; sourceTree = "<group>"; };
		3DF924BC2303610A00D6D8E7 /* ViewController.swift */ = {isa = PBXFileReference; lastKnownFileType = sourcecode.swift; path = ViewController.swift; sourceTree = "<group>"; };
		3DF924BF2303610A00D6D8E7 /* Base */ = {isa = PBXFileReference; lastKnownFileType = file.storyboard; name = Base; path = Base.lproj/Main.storyboard; sourceTree = "<group>"; };
		3DF924C12303611700D6D8E7 /* Assets.xcassets */ = {isa = PBXFileReference; lastKnownFileType = folder.assetcatalog; path = Assets.xcassets; sourceTree = "<group>"; };
		3DF924C42303611700D6D8E7 /* Base */ = {isa = PBXFileReference; lastKnownFileType = file.storyboard; name = Base; path = Base.lproj/LaunchScreen.storyboard; sourceTree = "<group>"; };
		3DF924C62303611700D6D8E7 /* Info.plist */ = {isa = PBXFileReference; lastKnownFileType = text.plist.xml; path = Info.plist; sourceTree = "<group>"; };
		3DF924CB2303611700D6D8E7 /* IOS_LoginTests.xctest */ = {isa = PBXFileReference; explicitFileType = wrapper.cfbundle; includeInIndex = 0; path = IOS_LoginTests.xctest; sourceTree = BUILT_PRODUCTS_DIR; };
		3DF924CF2303611700D6D8E7 /* IOS_LoginTests.swift */ = {isa = PBXFileReference; lastKnownFileType = sourcecode.swift; path = IOS_LoginTests.swift; sourceTree = "<group>"; };
		3DF924D12303611700D6D8E7 /* Info.plist */ = {isa = PBXFileReference; lastKnownFileType = text.plist.xml; path = Info.plist; sourceTree = "<group>"; };
		3DF924D62303611700D6D8E7 /* IOS_LoginUITests.xctest */ = {isa = PBXFileReference; explicitFileType = wrapper.cfbundle; includeInIndex = 0; path = IOS_LoginUITests.xctest; sourceTree = BUILT_PRODUCTS_DIR; };
		3DF924DA2303611700D6D8E7 /* IOS_LoginUITests.swift */ = {isa = PBXFileReference; lastKnownFileType = sourcecode.swift; path = IOS_LoginUITests.swift; sourceTree = "<group>"; };
		3DF924DC2303611700D6D8E7 /* Info.plist */ = {isa = PBXFileReference; lastKnownFileType = text.plist.xml; path = Info.plist; sourceTree = "<group>"; };
/* End PBXFileReference section */

/* Begin PBXFrameworksBuildPhase section */
		3DF924B42303610A00D6D8E7 /* Frameworks */ = {
			isa = PBXFrameworksBuildPhase;
			buildActionMask = 2147483647;
			files = (
			);
			runOnlyForDeploymentPostprocessing = 0;
		};
		3DF924C82303611700D6D8E7 /* Frameworks */ = {
			isa = PBXFrameworksBuildPhase;
			buildActionMask = 2147483647;
			files = (
			);
			runOnlyForDeploymentPostprocessing = 0;
		};
		3DF924D32303611700D6D8E7 /* Frameworks */ = {
			isa = PBXFrameworksBuildPhase;
			buildActionMask = 2147483647;
			files = (
			);
			runOnlyForDeploymentPostprocessing = 0;
		};
/* End PBXFrameworksBuildPhase section */

/* Begin PBXGroup section */
		3DF924AE2303610A00D6D8E7 = {
			isa = PBXGroup;
			children = (
				3DF924B92303610A00D6D8E7 /* IOS_Login */,
				3DF924CE2303611700D6D8E7 /* IOS_LoginTests */,
				3DF924D92303611700D6D8E7 /* IOS_LoginUITests */,
				3DF924B82303610A00D6D8E7 /* Products */,
			);
			sourceTree = "<group>";
		};
		3DF924B82303610A00D6D8E7 /* Products */ = {
			isa = PBXGroup;
			children = (
				3DF924B72303610A00D6D8E7 /* IOS_Login.app */,
				3DF924CB2303611700D6D8E7 /* IOS_LoginTests.xctest */,
				3DF924D62303611700D6D8E7 /* IOS_LoginUITests.xctest */,
			);
			name = Products;
			sourceTree = "<group>";
		};
		3DF924B92303610A00D6D8E7 /* IOS_Login */ = {
			isa = PBXGroup;
			children = (
				3DF924BA2303610A00D6D8E7 /* AppDelegate.swift */,
				3DF924BC2303610A00D6D8E7 /* ViewController.swift */,
				3DF924BE2303610A00D6D8E7 /* Main.storyboard */,
				3DF924C12303611700D6D8E7 /* Assets.xcassets */,
				3DF924C32303611700D6D8E7 /* LaunchScreen.storyboard */,
				3DF924C62303611700D6D8E7 /* Info.plist */,
			);
			path = IOS_Login;
			sourceTree = "<group>";
		};
		3DF924CE2303611700D6D8E7 /* IOS_LoginTests */ = {
			isa = PBXGroup;
			children = (
				3DF924CF2303611700D6D8E7 /* IOS_LoginTests.swift */,
				3DF924D12303611700D6D8E7 /* Info.plist */,
			);
			path = IOS_LoginTests;
			sourceTree = "<group>";
		};
		3DF924D92303611700D6D8E7 /* IOS_LoginUITests */ = {
			isa = PBXGroup;
			children = (
				3DF924DA2303611700D6D8E7 /* IOS_LoginUITests.swift */,
				3DF924DC2303611700D6D8E7 /* Info.plist */,
			);
			path = IOS_LoginUITests;
			sourceTree = "<group>";
		};
/* End PBXGroup section */

/* Begin PBXNativeTarget section */
		3DF924B62303610A00D6D8E7 /* IOS_Login */ = {
			isa = PBXNativeTarget;
			buildConfigurationList = 3DF924DF2303611700D6D8E7 /* Build configuration list for PBXNativeTarget "IOS_Login" */;
			buildPhases = (
				3DF924B32303610A00D6D8E7 /* Sources */,
				3DF924B42303610A00D6D8E7 /* Frameworks */,
				3DF924B52303610A00D6D8E7 /* Resources */,
			);
			buildRules = (
			);
			dependencies = (
			);
			name = IOS_Login;
			productName = IOS_Login;
			productReference = 3DF924B72303610A00D6D8E7 /* IOS_Login.app */;
			productType = "com.apple.product-type.application";
		};
		3DF924CA2303611700D6D8E7 /* IOS_LoginTests */ = {
			isa = PBXNativeTarget;
			buildConfigurationList = 3DF924E22303611700D6D8E7 /* Build configuration list for PBXNativeTarget "IOS_LoginTests" */;
			buildPhases = (
				3DF924C72303611700D6D8E7 /* Sources */,
				3DF924C82303611700D6D8E7 /* Frameworks */,
				3DF924C92303611700D6D8E7 /* Resources */,
			);
			buildRules = (
			);
			dependencies = (
				3DF924CD2303611700D6D8E7 /* PBXTargetDependency */,
			);
			name = IOS_LoginTests;
			productName = IOS_LoginTests;
			productReference = 3DF924CB2303611700D6D8E7 /* IOS_LoginTests.xctest */;
			productType = "com.apple.product-type.bundle.unit-test";
		};
		3DF924D52303611700D6D8E7 /* IOS_LoginUITests */ = {
			isa = PBXNativeTarget;
			buildConfigurationList = 3DF924E52303611700D6D8E7 /* Build configuration list for PBXNativeTarget "IOS_LoginUITests" */;
			buildPhases = (
				3DF924D22303611700D6D8E7 /* Sources */,
				3DF924D32303611700D6D8E7 /* Frameworks */,
				3DF924D42303611700D6D8E7 /* Resources */,
			);
			buildRules = (
			);
			dependencies = (
				3DF924D82303611700D6D8E7 /* PBXTargetDependency */,
			);
			name = IOS_LoginUITests;
			productName = IOS_LoginUITests;
			productReference = 3DF924D62303611700D6D8E7 /* IOS_LoginUITests.xctest */;
			productType = "com.apple.product-type.bundle.ui-testing";
		};
/* End PBXNativeTarget section */

/* Begin PBXProject section */
		3DF924AF2303610A00D6D8E7 /* Project object */ = {
			isa = PBXProject;
			attributes = {
				LastSwiftUpdateCheck = 0940;
				LastUpgradeCheck = 0940;
				ORGANIZATIONNAME = Alumno;
				TargetAttributes = {
					3DF924B62303610A00D6D8E7 = {
						CreatedOnToolsVersion = 9.4.1;
					};
					3DF924CA2303611700D6D8E7 = {
						CreatedOnToolsVersion = 9.4.1;
						TestTargetID = 3DF924B62303610A00D6D8E7;
					};
					3DF924D52303611700D6D8E7 = {
						CreatedOnToolsVersion = 9.4.1;
						TestTargetID = 3DF924B62303610A00D6D8E7;
					};
				};
			};
			buildConfigurationList = 3DF924B22303610A00D6D8E7 /* Build configuration list for PBXProject "IOS_Login" */;
			compatibilityVersion = "Xcode 9.3";
			developmentRegion = en;
			hasScannedForEncodings = 0;
			knownRegions = (
				en,
				Base,
			);
			mainGroup = 3DF924AE2303610A00D6D8E7;
			productRefGroup = 3DF924B82303610A00D6D8E7 /* Products */;
			projectDirPath = "";
			projectRoot = "";
			targets = (
				3DF924B62303610A00D6D8E7 /* IOS_Login */,
				3DF924CA2303611700D6D8E7 /* IOS_LoginTests */,
				3DF924D52303611700D6D8E7 /* IOS_LoginUITests */,
			);
		};
/* End PBXProject section */

/* Begin PBXResourcesBuildPhase section */
		3DF924B52303610A00D6D8E7 /* Resources */ = {
			isa = PBXResourcesBuildPhase;
			buildActionMask = 2147483647;
			files = (
				3DF924C52303611700D6D8E7 /* LaunchScreen.storyboard in Resources */,
				3DF924C22303611700D6D8E7 /* Assets.xcassets in Resources */,
				3DF924C02303610A00D6D8E7 /* Main.storyboard in Resources */,
			);
			runOnlyForDeploymentPostprocessing = 0;
		};
		3DF924C92303611700D6D8E7 /* Resources */ = {
			isa = PBXResourcesBuildPhase;
			buildActionMask = 2147483647;
			files = (
			);
			runOnlyForDeploymentPostprocessing = 0;
		};
		3DF924D42303611700D6D8E7 /* Resources */ = {
			isa = PBXResourcesBuildPhase;
			buildActionMask = 2147483647;
			files = (
			);
			runOnlyForDeploymentPostprocessing = 0;
		};
/* End PBXResourcesBuildPhase section */

/* Begin PBXSourcesBuildPhase section */
		3DF924B32303610A00D6D8E7 /* Sources */ = {
			isa = PBXSourcesBuildPhase;
			buildActionMask = 2147483647;
			files = (
				3DF924BD2303610A00D6D8E7 /* ViewController.swift in Sources */,
				3DF924BB2303610A00D6D8E7 /* AppDelegate.swift in Sources */,
			);
			runOnlyForDeploymentPostprocessing = 0;
		};
		3DF924C72303611700D6D8E7 /* Sources */ = {
			isa = PBXSourcesBuildPhase;
			buildActionMask = 2147483647;
			files = (
				3DF924D02303611700D6D8E7 /* IOS_LoginTests.swift in Sources */,
			);
			runOnlyForDeploymentPostprocessing = 0;
		};
		3DF924D22303611700D6D8E7 /* Sources */ = {
			isa = PBXSourcesBuildPhase;
			buildActionMask = 2147483647;
			files = (
				3DF924DB2303611700D6D8E7 /* IOS_LoginUITests.swift in Sources */,
			);
			runOnlyForDeploymentPostprocessing = 0;
		};
/* End PBXSourcesBuildPhase section */

/* Begin PBXTargetDependency section */
		3DF924CD2303611700D6D8E7 /* PBXTargetDependency */ = {
			isa = PBXTargetDependency;
			target = 3DF924B62303610A00D6D8E7 /* IOS_Login */;
			targetProxy = 3DF924CC2303611700D6D8E7 /* PBXContainerItemProxy */;
		};
		3DF924D82303611700D6D8E7 /* PBXTargetDependency */ = {
			isa = PBXTargetDependency;
			target = 3DF924B62303610A00D6D8E7 /* IOS_Login */;
			targetProxy = 3DF924D72303611700D6D8E7 /* PBXContainerItemProxy */;
		};
/* End PBXTargetDependency section */

/* Begin PBXVariantGroup section */
		3DF924BE2303610A00D6D8E7 /* Main.storyboard */ = {
			isa = PBXVariantGroup;
			children = (
				3DF924BF2303610A00D6D8E7 /* Base */,
			);
			name = Main.storyboard;
			sourceTree = "<group>";
		};
		3DF924C32303611700D6D8E7 /* LaunchScreen.storyboard */ = {
			isa = PBXVariantGroup;
			children = (
				3DF924C42303611700D6D8E7 /* Base */,
			);
			name = LaunchScreen.storyboard;
			sourceTree = "<group>";
		};
/* End PBXVariantGroup section */

/* Begin XCBuildConfiguration section */
		3DF924DD2303611700D6D8E7 /* Debug */ = {
			isa = XCBuildConfiguration;
			buildSettings = {
				ALWAYS_SEARCH_USER_PATHS = NO;
				CLANG_ANALYZER_NONNULL = YES;
				CLANG_ANALYZER_NUMBER_OBJECT_CONVERSION = YES_AGGRESSIVE;
				CLANG_CXX_LANGUAGE_STANDARD = "gnu++14";
				CLANG_CXX_LIBRARY = "libc++";
				CLANG_ENABLE_MODULES = YES;
				CLANG_ENABLE_OBJC_ARC = YES;
				CLANG_ENABLE_OBJC_WEAK = YES;
				CLANG_WARN_BLOCK_CAPTURE_AUTORELEASING = YES;
				CLANG_WARN_BOOL_CONVERSION = YES;
				CLANG_WARN_COMMA = YES;
				CLANG_WARN_CONSTANT_CONVERSION = YES;
				CLANG_WARN_DEPRECATED_OBJC_IMPLEMENTATIONS = YES;
				CLANG_WARN_DIRECT_OBJC_ISA_USAGE = YES_ERROR;
				CLANG_WARN_DOCUMENTATION_COMMENTS = YES;
				CLANG_WARN_EMPTY_BODY = YES;
				CLANG_WARN_ENUM_CONVERSION = YES;
				CLANG_WARN_INFINITE_RECURSION = YES;
				CLANG_WARN_INT_CONVERSION = YES;
				CLANG_WARN_NON_LITERAL_NULL_CONVERSION = YES;
				CLANG_WARN_OBJC_IMPLICIT_RETAIN_SELF = YES;
				CLANG_WARN_OBJC_LITERAL_CONVERSION = YES;
				CLANG_WARN_OBJC_ROOT_CLASS = YES_ERROR;
				CLANG_WARN_RANGE_LOOP_ANALYSIS = YES;
				CLANG_WARN_STRICT_PROTOTYPES = YES;
				CLANG_WARN_SUSPICIOUS_MOVE = YES;
				CLANG_WARN_UNGUARDED_AVAILABILITY = YES_AGGRESSIVE;
				CLANG_WARN_UNREACHABLE_CODE = YES;
				CLANG_WARN__DUPLICATE_METHOD_MATCH = YES;
				CODE_SIGN_IDENTITY = "iPhone Developer";
				COPY_PHASE_STRIP = NO;
				DEBUG_INFORMATION_FORMAT = dwarf;
				ENABLE_STRICT_OBJC_MSGSEND = YES;
				ENABLE_TESTABILITY = YES;
				GCC_C_LANGUAGE_STANDARD = gnu11;
				GCC_DYNAMIC_NO_PIC = NO;
				GCC_NO_COMMON_BLOCKS = YES;
				GCC_OPTIMIZATION_LEVEL = 0;
				GCC_PREPROCESSOR_DEFINITIONS = (
					"DEBUG=1",
					"$(inherited)",
				);
				GCC_WARN_64_TO_32_BIT_CONVERSION = YES;
				GCC_WARN_ABOUT_RETURN_TYPE = YES_ERROR;
				GCC_WARN_UNDECLARED_SELECTOR = YES;
				GCC_WARN_UNINITIALIZED_AUTOS = YES_AGGRESSIVE;
				GCC_WARN_UNUSED_FUNCTION = YES;
				GCC_WARN_UNUSED_VARIABLE = YES;
				IPHONEOS_DEPLOYMENT_TARGET = 11.4;
				MTL_ENABLE_DEBUG_INFO = YES;
				ONLY_ACTIVE_ARCH = YES;
				SDKROOT = iphoneos;
				SWIFT_ACTIVE_COMPILATION_CONDITIONS = DEBUG;
				SWIFT_OPTIMIZATION_LEVEL = "-Onone";
			};
			name = Debug;
		};
		3DF924DE2303611700D6D8E7 /* Release */ = {
			isa = XCBuildConfiguration;
			buildSettings = {
				ALWAYS_SEARCH_USER_PATHS = NO;
				CLANG_ANALYZER_NONNULL = YES;
				CLANG_ANALYZER_NUMBER_OBJECT_CONVERSION = YES_AGGRESSIVE;
				CLANG_CXX_LANGUAGE_STANDARD = "gnu++14";
				CLANG_CXX_LIBRARY = "libc++";
				CLANG_ENABLE_MODULES = YES;
				CLANG_ENABLE_OBJC_ARC = YES;
				CLANG_ENABLE_OBJC_WEAK = YES;
				CLANG_WARN_BLOCK_CAPTURE_AUTORELEASING = YES;
				CLANG_WARN_BOOL_CONVERSION = YES;
				CLANG_WARN_COMMA = YES;
				CLANG_WARN_CONSTANT_CONVERSION = YES;
				CLANG_WARN_DEPRECATED_OBJC_IMPLEMENTATIONS = YES;
				CLANG_WARN_DIRECT_OBJC_ISA_USAGE = YES_ERROR;
				CLANG_WARN_DOCUMENTATION_COMMENTS = YES;
				CLANG_WARN_EMPTY_BODY = YES;
				CLANG_WARN_ENUM_CONVERSION = YES;
				CLANG_WARN_INFINITE_RECURSION = YES;
				CLANG_WARN_INT_CONVERSION = YES;
				CLANG_WARN_NON_LITERAL_NULL_CONVERSION = YES;
				CLANG_WARN_OBJC_IMPLICIT_RETAIN_SELF = YES;
				CLANG_WARN_OBJC_LITERAL_CONVERSION = YES;
				CLANG_WARN_OBJC_ROOT_CLASS = YES_ERROR;
				CLANG_WARN_RANGE_LOOP_ANALYSIS = YES;
				CLANG_WARN_STRICT_PROTOTYPES = YES;
				CLANG_WARN_SUSPICIOUS_MOVE = YES;
				CLANG_WARN_UNGUARDED_AVAILABILITY = YES_AGGRESSIVE;
				CLANG_WARN_UNREACHABLE_CODE = YES;
				CLANG_WARN__DUPLICATE_METHOD_MATCH = YES;
				CODE_SIGN_IDENTITY = "iPhone Developer";
				COPY_PHASE_STRIP = NO;
				DEBUG_INFORMATION_FORMAT = "dwarf-with-dsym";
				ENABLE_NS_ASSERTIONS = NO;
				ENABLE_STRICT_OBJC_MSGSEND = YES;
				GCC_C_LANGUAGE_STANDARD = gnu11;
				GCC_NO_COMMON_BLOCKS = YES;
				GCC_WARN_64_TO_32_BIT_CONVERSION = YES;
				GCC_WARN_ABOUT_RETURN_TYPE = YES_ERROR;
				GCC_WARN_UNDECLARED_SELECTOR = YES;
				GCC_WARN_UNINITIALIZED_AUTOS = YES_AGGRESSIVE;
				GCC_WARN_UNUSED_FUNCTION = YES;
				GCC_WARN_UNUSED_VARIABLE = YES;
				IPHONEOS_DEPLOYMENT_TARGET = 11.4;
				MTL_ENABLE_DEBUG_INFO = NO;
				SDKROOT = iphoneos;
				SWIFT_COMPILATION_MODE = wholemodule;
				SWIFT_OPTIMIZATION_LEVEL = "-O";
				VALIDATE_PRODUCT = YES;
			};
			name = Release;
		};
		3DF924E02303611700D6D8E7 /* Debug */ = {
			isa = XCBuildConfiguration;
			buildSettings = {
				ASSETCATALOG_COMPILER_APPICON_NAME = AppIcon;
				CODE_SIGN_STYLE = Automatic;
				INFOPLIST_FILE = IOS_Login/Info.plist;
				LD_RUNPATH_SEARCH_PATHS = (
					"$(inherited)",
					"@executable_path/Frameworks",
				);
				PRODUCT_BUNDLE_IDENTIFIER = "edu.ulsa.IOS-Login";
				PRODUCT_NAME = "$(TARGET_NAME)";
				SWIFT_VERSION = 4.0;
				TARGETED_DEVICE_FAMILY = "1,2";
			};
			name = Debug;
		};
		3DF924E12303611700D6D8E7 /* Release */ = {
			isa = XCBuildConfiguration;
			buildSettings = {
				ASSETCATALOG_COMPILER_APPICON_NAME = AppIcon;
				CODE_SIGN_STYLE = Automatic;
				INFOPLIST_FILE = IOS_Login/Info.plist;
				LD_RUNPATH_SEARCH_PATHS = (
					"$(inherited)",
					"@executable_path/Frameworks",
				);
				PRODUCT_BUNDLE_IDENTIFIER = "edu.ulsa.IOS-Login";
				PRODUCT_NAME = "$(TARGET_NAME)";
				SWIFT_VERSION = 4.0;
				TARGETED_DEVICE_FAMILY = "1,2";
			};
			name = Release;
		};
		3DF924E32303611700D6D8E7 /* Debug */ = {
			isa = XCBuildConfiguration;
			buildSettings = {
				ALWAYS_EMBED_SWIFT_STANDARD_LIBRARIES = YES;
				BUNDLE_LOADER = "$(TEST_HOST)";
				CODE_SIGN_STYLE = Automatic;
				INFOPLIST_FILE = IOS_LoginTests/Info.plist;
				LD_RUNPATH_SEARCH_PATHS = (
					"$(inherited)",
					"@executable_path/Frameworks",
					"@loader_path/Frameworks",
				);
				PRODUCT_BUNDLE_IDENTIFIER = "edu.ulsa.IOS-LoginTests";
				PRODUCT_NAME = "$(TARGET_NAME)";
				SWIFT_VERSION = 4.0;
				TARGETED_DEVICE_FAMILY = "1,2";
				TEST_HOST = "$(BUILT_PRODUCTS_DIR)/IOS_Login.app/IOS_Login";
			};
			name = Debug;
		};
		3DF924E42303611700D6D8E7 /* Release */ = {
			isa = XCBuildConfiguration;
			buildSettings = {
				ALWAYS_EMBED_SWIFT_STANDARD_LIBRARIES = YES;
				BUNDLE_LOADER = "$(TEST_HOST)";
				CODE_SIGN_STYLE = Automatic;
				INFOPLIST_FILE = IOS_LoginTests/Info.plist;
				LD_RUNPATH_SEARCH_PATHS = (
					"$(inherited)",
					"@executable_path/Frameworks",
					"@loader_path/Frameworks",
				);
				PRODUCT_BUNDLE_IDENTIFIER = "edu.ulsa.IOS-LoginTests";
				PRODUCT_NAME = "$(TARGET_NAME)";
				SWIFT_VERSION = 4.0;
				TARGETED_DEVICE_FAMILY = "1,2";
				TEST_HOST = "$(BUILT_PRODUCTS_DIR)/IOS_Login.app/IOS_Login";
			};
			name = Release;
		};
		3DF924E62303611700D6D8E7 /* Debug */ = {
			isa = XCBuildConfiguration;
			buildSettings = {
				ALWAYS_EMBED_SWIFT_STANDARD_LIBRARIES = YES;
				CODE_SIGN_STYLE = Automatic;
				INFOPLIST_FILE = IOS_LoginUITests/Info.plist;
				LD_RUNPATH_SEARCH_PATHS = (
					"$(inherited)",
					"@executable_path/Frameworks",
					"@loader_path/Frameworks",
				);
				PRODUCT_BUNDLE_IDENTIFIER = "edu.ulsa.IOS-LoginUITests";
				PRODUCT_NAME = "$(TARGET_NAME)";
				SWIFT_VERSION = 4.0;
				TARGETED_DEVICE_FAMILY = "1,2";
				TEST_TARGET_NAME = IOS_Login;
			};
			name = Debug;
		};
		3DF924E72303611700D6D8E7 /* Release */ = {
			isa = XCBuildConfiguration;
			buildSettings = {
				ALWAYS_EMBED_SWIFT_STANDARD_LIBRARIES = YES;
				CODE_SIGN_STYLE = Automatic;
				INFOPLIST_FILE = IOS_LoginUITests/Info.plist;
				LD_RUNPATH_SEARCH_PATHS = (
					"$(inherited)",
					"@executable_path/Frameworks",
					"@loader_path/Frameworks",
				);
				PRODUCT_BUNDLE_IDENTIFIER = "edu.ulsa.IOS-LoginUITests";
				PRODUCT_NAME = "$(TARGET_NAME)";
				SWIFT_VERSION = 4.0;
				TARGETED_DEVICE_FAMILY = "1,2";
				TEST_TARGET_NAME = IOS_Login;
			};
			name = Release;
		};
/* End XCBuildConfiguration section */

/* Begin XCConfigurationList section */
		3DF924B22303610A00D6D8E7 /* Build configuration list for PBXProject "IOS_Login" */ = {
			isa = XCConfigurationList;
			buildConfigurations = (
				3DF924DD2303611700D6D8E7 /* Debug */,
				3DF924DE2303611700D6D8E7 /* Release */,
			);
			defaultConfigurationIsVisible = 0;
			defaultConfigurationName = Release;
		};
		3DF924DF2303611700D6D8E7 /* Build configuration list for PBXNativeTarget "IOS_Login" */ = {
			isa = XCConfigurationList;
			buildConfigurations = (
				3DF924E02303611700D6D8E7 /* Debug */,
				3DF924E12303611700D6D8E7 /* Release */,
			);
			defaultConfigurationIsVisible = 0;
			defaultConfigurationName = Release;
		};
		3DF924E22303611700D6D8E7 /* Build configuration list for PBXNativeTarget "IOS_LoginTests" */ = {
			isa = XCConfigurationList;
			buildConfigurations = (
				3DF924E32303611700D6D8E7 /* Debug */,
				3DF924E42303611700D6D8E7 /* Release */,
			);
			defaultConfigurationIsVisible = 0;
			defaultConfigurationName = Release;
		};
		3DF924E52303611700D6D8E7 /* Build configuration list for PBXNativeTarget "IOS_LoginUITests" */ = {
			isa = XCConfigurationList;
			buildConfigurations = (
				3DF924E62303611700D6D8E7 /* Debug */,
				3DF924E72303611700D6D8E7 /* Release */,
			);
			defaultConfigurationIsVisible = 0;
			defaultConfigurationName = Release;
		};
/* End XCConfigurationList section */
	};
	rootObject = 3DF924AF2303610A00D6D8E7 /* Project object */;
}
